// !$*UTF8*$!
{
	archiveVersion = 1;
	classes = {
	};
	objectVersion = 46;
	objects = {

/* Begin PBXBuildFile section */
		C8DDEC301D3D030900D35385 /* AppDelegate.swift in Sources */ = {isa = PBXBuildFile; fileRef = C8DDEC2F1D3D030900D35385 /* AppDelegate.swift */; };
		C8DDEC321D3D030900D35385 /* ViewController.swift in Sources */ = {isa = PBXBuildFile; fileRef = C8DDEC311D3D030900D35385 /* ViewController.swift */; };
		C8DDEC351D3D030900D35385 /* Main.storyboard in Resources */ = {isa = PBXBuildFile; fileRef = C8DDEC331D3D030900D35385 /* Main.storyboard */; };
		C8DDEC371D3D030900D35385 /* Assets.xcassets in Resources */ = {isa = PBXBuildFile; fileRef = C8DDEC361D3D030900D35385 /* Assets.xcassets */; };
		C8DDEC3A1D3D030900D35385 /* LaunchScreen.storyboard in Resources */ = {isa = PBXBuildFile; fileRef = C8DDEC381D3D030900D35385 /* LaunchScreen.storyboard */; };
/* End PBXBuildFile section */

/* Begin PBXFileReference section */
		C8DDEC2C1D3D030900D35385 /* Live Speech Recognition.app */ = {isa = PBXFileReference; explicitFileType = wrapper.application; includeInIndex = 0; path = "Live Speech Recognition.app"; sourceTree = BUILT_PRODUCTS_DIR; };
		C8DDEC2F1D3D030900D35385 /* AppDelegate.swift */ = {isa = PBXFileReference; lastKnownFileType = sourcecode.swift; path = AppDelegate.swift; sourceTree = "<group>"; };
		C8DDEC311D3D030900D35385 /* ViewController.swift */ = {isa = PBXFileReference; lastKnownFileType = sourcecode.swift; path = ViewController.swift; sourceTree = "<group>"; };
		C8DDEC341D3D030900D35385 /* Base */ = {isa = PBXFileReference; lastKnownFileType = file.storyboard; name = Base; path = Base.lproj/Main.storyboard; sourceTree = "<group>"; };
		C8DDEC361D3D030900D35385 /* Assets.xcassets */ = {isa = PBXFileReference; lastKnownFileType = folder.assetcatalog; path = Assets.xcassets; sourceTree = "<group>"; };
		C8DDEC391D3D030900D35385 /* Base */ = {isa = PBXFileReference; lastKnownFileType = file.storyboard; name = Base; path = Base.lproj/LaunchScreen.storyboard; sourceTree = "<group>"; };
		C8DDEC3B1D3D030900D35385 /* Info.plist */ = {isa = PBXFileReference; lastKnownFileType = text.plist.xml; path = Info.plist; sourceTree = "<group>"; };
/* End PBXFileReference section */

/* Begin PBXFrameworksBuildPhase section */
		C8DDEC291D3D030900D35385 /* Frameworks */ = {
			isa = PBXFrameworksBuildPhase;
			buildActionMask = 2147483647;
			files = (
			);
			runOnlyForDeploymentPostprocessing = 0;
		};
/* End PBXFrameworksBuildPhase section */

/* Begin PBXGroup section */
		C8DDEC231D3D030900D35385 = {
			isa = PBXGroup;
			children = (
				C8DDEC2E1D3D030900D35385 /* Live Speech Recognition */,
				C8DDEC2D1D3D030900D35385 /* Products */,
			);
			sourceTree = "<group>";
		};
		C8DDEC2D1D3D030900D35385 /* Products */ = {
			isa = PBXGroup;
			children = (
				C8DDEC2C1D3D030900D35385 /* Live Speech Recognition.app */,
			);
			name = Products;
			sourceTree = "<group>";
		};
		C8DDEC2E1D3D030900D35385 /* Live Speech Recognition */ = {
			isa = PBXGroup;
			children = (
				C8DDEC2F1D3D030900D35385 /* AppDelegate.swift */,
				C8DDEC311D3D030900D35385 /* ViewController.swift */,
				C8DDEC331D3D030900D35385 /* Main.storyboard */,
				C8DDEC361D3D030900D35385 /* Assets.xcassets */,
				C8DDEC381D3D030900D35385 /* LaunchScreen.storyboard */,
				C8DDEC3B1D3D030900D35385 /* Info.plist */,
			);
			path = "Live Speech Recognition";
			sourceTree = "<group>";
		};
/* End PBXGroup section */

/* Begin PBXNativeTarget section */
		C8DDEC2B1D3D030900D35385 /* Live Speech Recognition */ = {
			isa = PBXNativeTarget;
			buildConfigurationList = C8DDEC3E1D3D030900D35385 /* Build configuration list for PBXNativeTarget "Live Speech Recognition" */;
			buildPhases = (
				C8DDEC281D3D030900D35385 /* Sources */,
				C8DDEC291D3D030900D35385 /* Frameworks */,
				C8DDEC2A1D3D030900D35385 /* Resources */,
			);
			buildRules = (
			);
			dependencies = (
			);
			name = "Live Speech Recognition";
			productName = "Live Speech Recognition";
			productReference = C8DDEC2C1D3D030900D35385 /* Live Speech Recognition.app */;
			productType = "com.apple.product-type.application";
		};
/* End PBXNativeTarget section */

/* Begin PBXProject section */
		C8DDEC241D3D030900D35385 /* Project object */ = {
			isa = PBXProject;
			attributes = {
				LastSwiftUpdateCheck = 0800;
				LastUpgradeCheck = 0800;
				ORGANIZATIONNAME = Appfish;
				TargetAttributes = {
					C8DDEC2B1D3D030900D35385 = {
						CreatedOnToolsVersion = 8.0;
						DevelopmentTeam = DHR97S8NB6;
						DevelopmentTeamName = AppFish;
						ProvisioningStyle = Automatic;
					};
				};
			};
			buildConfigurationList = C8DDEC271D3D030900D35385 /* Build configuration list for PBXProject "Live Speech Recognition" */;
			compatibilityVersion = "Xcode 3.2";
			developmentRegion = English;
			hasScannedForEncodings = 0;
			knownRegions = (
				en,
				Base,
			);
			mainGroup = C8DDEC231D3D030900D35385;
			productRefGroup = C8DDEC2D1D3D030900D35385 /* Products */;
			projectDirPath = "";
			projectRoot = "";
			targets = (
				C8DDEC2B1D3D030900D35385 /* Live Speech Recognition */,
			);
		};
/* End PBXProject section */

/* Begin PBXResourcesBuildPhase section */
		C8DDEC2A1D3D030900D35385 /* Resources */ = {
			isa = PBXResourcesBuildPhase;
			buildActionMask = 2147483647;
			files = (
				C8DDEC3A1D3D030900D35385 /* LaunchScreen.storyboard in Resources */,
				C8DDEC371D3D030900D35385 /* Assets.xcassets in Resources */,
				C8DDEC351D3D030900D35385 /* Main.storyboard in Resources */,
			);
			runOnlyForDeploymentPostprocessing = 0;
		};
/* End PBXResourcesBuildPhase section */

/* Begin PBXSourcesBuildPhase section */
		C8DDEC281D3D030900D35385 /* Sources */ = {
			isa = PBXSourcesBuildPhase;
			buildActionMask = 2147483647;
			files = (
				C8DDEC321D3D030900D35385 /* ViewController.swift in Sources */,
				C8DDEC301D3D030900D35385 /* AppDelegate.swift in Sources */,
			);
			runOnlyForDeploymentPostprocessing = 0;
		};
/* End PBXSourcesBuildPhase section */

/* Begin PBXVariantGroup section */
		C8DDEC331D3D030900D35385 /* Main.storyboard */ = {
			isa = PBXVariantGroup;
			children = (
				C8DDEC341D3D030900D35385 /* Base */,
			);
			name = Main.storyboard;
			sourceTree = "<group>";
		};
		C8DDEC381D3D030900D35385 /* LaunchScreen.storyboard */ = {
			isa = PBXVariantGroup;
			children = (
				C8DDEC391D3D030900D35385 /* Base */,
			);
			name = LaunchScreen.storyboard;
			sourceTree = "<group>";
		};
/* End PBXVariantGroup section */

/* Begin XCBuildConfiguration section */
		C8DDEC3C1D3D030900D35385 /* Debug */ = {
			isa = XCBuildConfiguration;
			buildSettings = {
				ALWAYS_SEARCH_USER_PATHS = NO;
				CLANG_ANALYZER_NONNULL = YES;
				CLANG_CXX_LANGUAGE_STANDARD = "gnu++0x";
				CLANG_CXX_LIBRARY = "libc++";
				CLANG_ENABLE_MODULES = YES;
				CLANG_ENABLE_OBJC_ARC = YES;
				CLANG_WARN_BOOL_CONVERSION = YES;
				CLANG_WARN_CONSTANT_CONVERSION = YES;
				CLANG_WARN_DIRECT_OBJC_ISA_USAGE = YES_ERROR;
				CLANG_WARN_DOCUMENTATION_COMMENTS = YES;
				CLANG_WARN_EMPTY_BODY = YES;
				CLANG_WARN_ENUM_CONVERSION = YES;
				CLANG_WARN_INT_CONVERSION = YES;
				CLANG_WARN_OBJC_ROOT_CLASS = YES_ERROR;
				CLANG_WARN_UNREACHABLE_CODE = YES;
				CLANG_WARN__DUPLICATE_METHOD_MATCH = YES;
				"CODE_SIGN_IDENTITY[sdk=iphoneos*]" = "iPhone Developer";
				COPY_PHASE_STRIP = NO;
				DEBUG_INFORMATION_FORMAT = dwarf;
				ENABLE_STRICT_OBJC_MSGSEND = YES;
				ENABLE_TESTABILITY = YES;
				GCC_C_LANGUAGE_STANDARD = gnu99;
				GCC_DYNAMIC_NO_PIC = NO;
				GCC_NO_COMMON_BLOCKS = YES;
				GCC_OPTIMIZATION_LEVEL = 0;
				GCC_PREPROCESSOR_DEFINITIONS = (
					"DEBUG=1",
					"$(inherited)",
				);
				GCC_WARN_64_TO_32_BIT_CONVERSION = YES;
				GCC_WARN_ABOUT_RETURN_TYPE = YES_ERROR;
				GCC_WARN_UNDECLARED_SELECTOR = YES;
				GCC_WARN_UNINITIALIZED_AUTOS = YES_AGGRESSIVE;
				GCC_WARN_UNUSED_FUNCTION = YES;
				GCC_WARN_UNUSED_VARIABLE = YES;
				IPHONEOS_DEPLOYMENT_TARGET = 10.0;
				MTL_ENABLE_DEBUG_INFO = YES;
				ONLY_ACTIVE_ARCH = YES;
				SDKROOT = iphoneos;
				SWIFT_ACTIVE_COMPILATION_CONDITIONS = DEBUG;
				SWIFT_OPTIMIZATION_LEVEL = "-Onone";
			};
			name = Debug;
		};
		C8DDEC3D1D3D030900D35385 /* Release */ = {
			isa = XCBuildConfiguration;
			buildSettings = {
				ALWAYS_SEARCH_USER_PATHS = NO;
				CLANG_ANALYZER_NONNULL = YES;
				CLANG_CXX_LANGUAGE_STANDARD = "gnu++0x";
				CLANG_CXX_LIBRARY = "libc++";
				CLANG_ENABLE_MODULES = YES;
				CLANG_ENABLE_OBJC_ARC = YES;
				CLANG_WARN_BOOL_CONVERSION = YES;
				CLANG_WARN_CONSTANT_CONVERSION = YES;
				CLANG_WARN_DIRECT_OBJC_ISA_USAGE = YES_ERROR;
				CLANG_WARN_DOCUMENTATION_COMMENTS = YES;
				CLANG_WARN_EMPTY_BODY = YES;
				CLANG_WARN_ENUM_CONVERSION = YES;
				CLANG_WARN_INT_CONVERSION = YES;
				CLANG_WARN_OBJC_ROOT_CLASS = YES_ERROR;
				CLANG_WARN_UNREACHABLE_CODE = YES;
				CLANG_WARN__DUPLICATE_METHOD_MATCH = YES;
				"CODE_SIGN_IDENTITY[sdk=iphoneos*]" = "iPhone Developer";
				COPY_PHASE_STRIP = NO;
				DEBUG_INFORMATION_FORMAT = "dwarf-with-dsym";
				ENABLE_NS_ASSERTIONS = NO;
				ENABLE_STRICT_OBJC_MSGSEND = YES;
				GCC_C_LANGUAGE_STANDARD = gnu99;
				GCC_NO_COMMON_BLOCKS = YES;
				GCC_WARN_64_TO_32_BIT_CONVERSION = YES;
				GCC_WARN_ABOUT_RETURN_TYPE = YES_ERROR;
				GCC_WARN_UNDECLARED_SELECTOR = YES;
				GCC_WARN_UNINITIALIZED_AUTOS = YES_AGGRESSIVE;
				GCC_WARN_UNUSED_FUNCTION = YES;
				GCC_WARN_UNUSED_VARIABLE = YES;
				IPHONEOS_DEPLOYMENT_TARGET = 10.0;
				MTL_ENABLE_DEBUG_INFO = NO;
				SDKROOT = iphoneos;
				SWIFT_OPTIMIZATION_LEVEL = "-Owholemodule";
				VALIDATE_PRODUCT = YES;
			};
			name = Release;
		};
		C8DDEC3F1D3D030900D35385 /* Debug */ = {
			isa = XCBuildConfiguration;
			buildSettings = {
				ASSETCATALOG_COMPILER_APPICON_NAME = AppIcon;
				ASSETCATALOG_COMPILER_LAUNCHIMAGE_NAME = LaunchImage;
				DEVELOPMENT_TEAM = DHR97S8NB6;
				INFOPLIST_FILE = "Live Speech Recognition/Info.plist";
				LD_RUNPATH_SEARCH_PATHS = "$(inherited) @executable_path/Frameworks";
				PRODUCT_BUNDLE_IDENTIFIER = "com.appfish.Live-Speech-Recognition";
				PRODUCT_NAME = "$(TARGET_NAME)";
				SWIFT_VERSION = 3.0;
			};
			name = Debug;
		};
		C8DDEC401D3D030900D35385 /* Release */ = {
			isa = XCBuildConfiguration;
			buildSettings = {
				ASSETCATALOG_COMPILER_APPICON_NAME = AppIcon;
				ASSETCATALOG_COMPILER_LAUNCHIMAGE_NAME = LaunchImage;
				DEVELOPMENT_TEAM = DHR97S8NB6;
				INFOPLIST_FILE = "Live Speech Recognition/Info.plist";
				LD_RUNPATH_SEARCH_PATHS = "$(inherited) @executable_path/Frameworks";
				PRODUCT_BUNDLE_IDENTIFIER = "com.appfish.Live-Speech-Recognition";
				PRODUCT_NAME = "$(TARGET_NAME)";
				SWIFT_VERSION = 3.0;
			};
			name = Release;
		};
/* End XCBuildConfiguration section */

/* Begin XCConfigurationList section */
		C8DDEC271D3D030900D35385 /* Build configuration list for PBXProject "Live Speech Recognition" */ = {
			isa = XCConfigurationList;
			buildConfigurations = (
				C8DDEC3C1D3D030900D35385 /* Debug */,
				C8DDEC3D1D3D030900D35385 /* Release */,
			);
			defaultConfigurationIsVisible = 0;
			defaultConfigurationName = Release;
		};
		C8DDEC3E1D3D030900D35385 /* Build configuration list for PBXNativeTarget "Live Speech Recognition" */ = {
			isa = XCConfigurationList;
			buildConfigurations = (
				C8DDEC3F1D3D030900D35385 /* Debug */,
				C8DDEC401D3D030900D35385 /* Release */,
			);
			defaultConfigurationIsVisible = 0;
			defaultConfigurationName = Release;
		};
/* End XCConfigurationList section */
	};
	rootObject = C8DDEC241D3D030900D35385 /* Project object */;
}
